
Microsoft Visual Studio Solution File, Format Version 12.00
# Visual Studio Version 16
VisualStudioVersion = 16.0.28803.156
MinimumVisualStudioVersion = 10.0.40219.1
Project("{FAE04EC0-301F-11D3-BF4B-00C04F79EFBC}") = "UrnaEletronica", "UrnaEletronica\UrnaEletronica.csproj", "{23F7DE90-7C0D-4533-8EE0-6782CC565DDD}"
EndProject
Global
	GlobalSection(SolutionConfigurationPlatforms) = preSolution
		Debug|Any CPU = Debug|Any CPU
		Release|Any CPU = Release|Any CPU
	EndGlobalSection
	GlobalSection(ProjectConfigurationPlatforms) = postSolution
		{23F7DE90-7C0D-4533-8EE0-6782CC565DDD}.Debug|Any CPU.ActiveCfg = Debug|Any CPU
		{23F7DE90-7C0D-4533-8EE0-6782CC565DDD}.Debug|Any CPU.Build.0 = Debug|Any CPU
		{23F7DE90-7C0D-4533-8EE0-6782CC565DDD}.Release|Any CPU.ActiveCfg = Release|Any CPU
		{23F7DE90-7C0D-4533-8EE0-6782CC565DDD}.Release|Any CPU.Build.0 = Release|Any CPU
	EndGlobalSection
	GlobalSection(SolutionProperties) = preSolution
		HideSolutionNode = FALSE
	EndGlobalSection
	GlobalSection(ExtensibilityGlobals) = postSolution
		SolutionGuid = {468858B5-0775-4D75-8444-982DADAC52C4}
	EndGlobalSection
EndGlobal
